
Microsoft Visual Studio Solution File, Format Version 12.00
# Visual Studio Version 16
VisualStudioVersion = 16.0.31321.278
MinimumVisualStudioVersion = 10.0.40219.1
Project("{9A19103F-16F7-4668-BE54-9A1E7A4F7556}") = "LoyaltyPrime.Web.Api", "LoyaltyPrime.Web.Api\LoyaltyPrime.Web.Api.csproj", "{9B51644E-94DD-4773-B3A1-26CFF6441D60}"
EndProject
Project("{2150E333-8FDC-42A3-9474-1A3956D46DE8}") = "WebApi", "WebApi", "{FB62EE2B-7326-4E80-91AB-59E19E1E8537}"
EndProject
Project("{2150E333-8FDC-42A3-9474-1A3956D46DE8}") = "Core", "Core", "{617EE94A-0806-425D-94E1-9E35D8931C4D}"
EndProject
Project("{9A19103F-16F7-4668-BE54-9A1E7A4F7556}") = "LoyaltyPrime.Domain", "LoyaltyPrime.Domain\LoyaltyPrime.Domain.csproj", "{4A07C574-890C-4133-AB17-B8054FEE65F7}"
EndProject
Project("{2150E333-8FDC-42A3-9474-1A3956D46DE8}") = "Infrastructure", "Infrastructure", "{06743EC1-BC41-414B-9A66-E24DB6F4A4C3}"
EndProject
Project("{FAE04EC0-301F-11D3-BF4B-00C04F79EFBC}") = "LoyaltyPrime.Infrastructure", "LoyaltyPrime.Infrastructure\LoyaltyPrime.Infrastructure.csproj", "{EF0CA2BE-B95E-4389-AB3F-720A47B01A64}"
EndProject
Global
	GlobalSection(SolutionConfigurationPlatforms) = preSolution
		Debug|Any CPU = Debug|Any CPU
		Release|Any CPU = Release|Any CPU
	EndGlobalSection
	GlobalSection(ProjectConfigurationPlatforms) = postSolution
		{9B51644E-94DD-4773-B3A1-26CFF6441D60}.Debug|Any CPU.ActiveCfg = Debug|Any CPU
		{9B51644E-94DD-4773-B3A1-26CFF6441D60}.Debug|Any CPU.Build.0 = Debug|Any CPU
		{9B51644E-94DD-4773-B3A1-26CFF6441D60}.Release|Any CPU.ActiveCfg = Release|Any CPU
		{9B51644E-94DD-4773-B3A1-26CFF6441D60}.Release|Any CPU.Build.0 = Release|Any CPU
		{4A07C574-890C-4133-AB17-B8054FEE65F7}.Debug|Any CPU.ActiveCfg = Debug|Any CPU
		{4A07C574-890C-4133-AB17-B8054FEE65F7}.Debug|Any CPU.Build.0 = Debug|Any CPU
		{4A07C574-890C-4133-AB17-B8054FEE65F7}.Release|Any CPU.ActiveCfg = Release|Any CPU
		{4A07C574-890C-4133-AB17-B8054FEE65F7}.Release|Any CPU.Build.0 = Release|Any CPU
		{EF0CA2BE-B95E-4389-AB3F-720A47B01A64}.Debug|Any CPU.ActiveCfg = Debug|Any CPU
		{EF0CA2BE-B95E-4389-AB3F-720A47B01A64}.Debug|Any CPU.Build.0 = Debug|Any CPU
		{EF0CA2BE-B95E-4389-AB3F-720A47B01A64}.Release|Any CPU.ActiveCfg = Release|Any CPU
		{EF0CA2BE-B95E-4389-AB3F-720A47B01A64}.Release|Any CPU.Build.0 = Release|Any CPU
	EndGlobalSection
	GlobalSection(SolutionProperties) = preSolution
		HideSolutionNode = FALSE
	EndGlobalSection
	GlobalSection(NestedProjects) = preSolution
		{9B51644E-94DD-4773-B3A1-26CFF6441D60} = {FB62EE2B-7326-4E80-91AB-59E19E1E8537}
		{4A07C574-890C-4133-AB17-B8054FEE65F7} = {617EE94A-0806-425D-94E1-9E35D8931C4D}
		{EF0CA2BE-B95E-4389-AB3F-720A47B01A64} = {06743EC1-BC41-414B-9A66-E24DB6F4A4C3}
	EndGlobalSection
	GlobalSection(ExtensibilityGlobals) = postSolution
		SolutionGuid = {1513A579-585A-41ED-89E7-B01A74E020F6}
	EndGlobalSection
EndGlobal
